
Microsoft Visual Studio Solution File, Format Version 12.00
# Visual Studio Version 16
VisualStudioVersion = 16.0.31402.337
MinimumVisualStudioVersion = 10.0.40219.1
Project("{FAE04EC0-301F-11D3-BF4B-00C04F79EFBC}") = "TodaysTask.Android", "TodaysTask\TodaysTask.Android\TodaysTask.Android.csproj", "{EF58C822-51A7-4B9B-B299-B284A9518497}"
EndProject
Project("{FAE04EC0-301F-11D3-BF4B-00C04F79EFBC}") = "TodaysTask.iOS", "TodaysTask\TodaysTask.iOS\TodaysTask.iOS.csproj", "{2249EC8F-FB28-418F-99C6-276D634789C3}"
EndProject
Project("{FAE04EC0-301F-11D3-BF4B-00C04F79EFBC}") = "TodaysTask", "TodaysTask\TodaysTask\TodaysTask.csproj", "{E85E64BC-CF82-4E7B-B42F-C9D7CF295BA6}"
EndProject
Global
	GlobalSection(SolutionConfigurationPlatforms) = preSolution
		Debug|Any CPU = Debug|Any CPU
		Debug|iPhone = Debug|iPhone
		Debug|iPhoneSimulator = Debug|iPhoneSimulator
		Release|Any CPU = Release|Any CPU
		Release|iPhone = Release|iPhone
		Release|iPhoneSimulator = Release|iPhoneSimulator
	EndGlobalSection
	GlobalSection(ProjectConfigurationPlatforms) = postSolution
		{EF58C822-51A7-4B9B-B299-B284A9518497}.Debug|Any CPU.ActiveCfg = Debug|Any CPU
		{EF58C822-51A7-4B9B-B299-B284A9518497}.Debug|Any CPU.Build.0 = Debug|Any CPU
		{EF58C822-51A7-4B9B-B299-B284A9518497}.Debug|Any CPU.Deploy.0 = Debug|Any CPU
		{EF58C822-51A7-4B9B-B299-B284A9518497}.Debug|iPhone.ActiveCfg = Debug|Any CPU
		{EF58C822-51A7-4B9B-B299-B284A9518497}.Debug|iPhone.Build.0 = Debug|Any CPU
		{EF58C822-51A7-4B9B-B299-B284A9518497}.Debug|iPhone.Deploy.0 = Debug|Any CPU
		{EF58C822-51A7-4B9B-B299-B284A9518497}.Debug|iPhoneSimulator.ActiveCfg = Debug|Any CPU
		{EF58C822-51A7-4B9B-B299-B284A9518497}.Debug|iPhoneSimulator.Build.0 = Debug|Any CPU
		{EF58C822-51A7-4B9B-B299-B284A9518497}.Debug|iPhoneSimulator.Deploy.0 = Debug|Any CPU
		{EF58C822-51A7-4B9B-B299-B284A9518497}.Release|Any CPU.ActiveCfg = Release|Any CPU
		{EF58C822-51A7-4B9B-B299-B284A9518497}.Release|Any CPU.Build.0 = Release|Any CPU
		{EF58C822-51A7-4B9B-B299-B284A9518497}.Release|Any CPU.Deploy.0 = Release|Any CPU
		{EF58C822-51A7-4B9B-B299-B284A9518497}.Release|iPhone.ActiveCfg = Release|Any CPU
		{EF58C822-51A7-4B9B-B299-B284A9518497}.Release|iPhone.Build.0 = Release|Any CPU
		{EF58C822-51A7-4B9B-B299-B284A9518497}.Release|iPhone.Deploy.0 = Release|Any CPU
		{EF58C822-51A7-4B9B-B299-B284A9518497}.Release|iPhoneSimulator.ActiveCfg = Release|Any CPU
		{EF58C822-51A7-4B9B-B299-B284A9518497}.Release|iPhoneSimulator.Build.0 = Release|Any CPU
		{EF58C822-51A7-4B9B-B299-B284A9518497}.Release|iPhoneSimulator.Deploy.0 = Release|Any CPU
		{2249EC8F-FB28-418F-99C6-276D634789C3}.Debug|Any CPU.ActiveCfg = Debug|iPhone
		{2249EC8F-FB28-418F-99C6-276D634789C3}.Debug|Any CPU.Build.0 = Debug|iPhone
		{2249EC8F-FB28-418F-99C6-276D634789C3}.Debug|Any CPU.Deploy.0 = Debug|iPhone
		{2249EC8F-FB28-418F-99C6-276D634789C3}.Debug|iPhone.ActiveCfg = Debug|iPhone
		{2249EC8F-FB28-418F-99C6-276D634789C3}.Debug|iPhone.Build.0 = Debug|iPhone
		{2249EC8F-FB28-418F-99C6-276D634789C3}.Debug|iPhone.Deploy.0 = Debug|iPhone
		{2249EC8F-FB28-418F-99C6-276D634789C3}.Debug|iPhoneSimulator.ActiveCfg = Debug|iPhoneSimulator
		{2249EC8F-FB28-418F-99C6-276D634789C3}.Debug|iPhoneSimulator.Build.0 = Debug|iPhoneSimulator
		{2249EC8F-FB28-418F-99C6-276D634789C3}.Debug|iPhoneSimulator.Deploy.0 = Debug|iPhoneSimulator
		{2249EC8F-FB28-418F-99C6-276D634789C3}.Release|Any CPU.ActiveCfg = Release|iPhoneSimulator
		{2249EC8F-FB28-418F-99C6-276D634789C3}.Release|Any CPU.Build.0 = Release|iPhoneSimulator
		{2249EC8F-FB28-418F-99C6-276D634789C3}.Release|Any CPU.Deploy.0 = Release|iPhoneSimulator
		{2249EC8F-FB28-418F-99C6-276D634789C3}.Release|iPhone.ActiveCfg = Release|iPhone
		{2249EC8F-FB28-418F-99C6-276D634789C3}.Release|iPhone.Build.0 = Release|iPhone
		{2249EC8F-FB28-418F-99C6-276D634789C3}.Release|iPhone.Deploy.0 = Release|iPhone
		{2249EC8F-FB28-418F-99C6-276D634789C3}.Release|iPhoneSimulator.ActiveCfg = Release|iPhoneSimulator
		{2249EC8F-FB28-418F-99C6-276D634789C3}.Release|iPhoneSimulator.Build.0 = Release|iPhoneSimulator
		{2249EC8F-FB28-418F-99C6-276D634789C3}.Release|iPhoneSimulator.Deploy.0 = Release|iPhoneSimulator
		{E85E64BC-CF82-4E7B-B42F-C9D7CF295BA6}.Debug|Any CPU.ActiveCfg = Debug|Any CPU
		{E85E64BC-CF82-4E7B-B42F-C9D7CF295BA6}.Debug|Any CPU.Build.0 = Debug|Any CPU
		{E85E64BC-CF82-4E7B-B42F-C9D7CF295BA6}.Debug|Any CPU.Deploy.0 = Debug|Any CPU
		{E85E64BC-CF82-4E7B-B42F-C9D7CF295BA6}.Debug|iPhone.ActiveCfg = Debug|Any CPU
		{E85E64BC-CF82-4E7B-B42F-C9D7CF295BA6}.Debug|iPhone.Build.0 = Debug|Any CPU
		{E85E64BC-CF82-4E7B-B42F-C9D7CF295BA6}.Debug|iPhone.Deploy.0 = Debug|Any CPU
		{E85E64BC-CF82-4E7B-B42F-C9D7CF295BA6}.Debug|iPhoneSimulator.ActiveCfg = Debug|Any CPU
		{E85E64BC-CF82-4E7B-B42F-C9D7CF295BA6}.Debug|iPhoneSimulator.Build.0 = Debug|Any CPU
		{E85E64BC-CF82-4E7B-B42F-C9D7CF295BA6}.Debug|iPhoneSimulator.Deploy.0 = Debug|Any CPU
		{E85E64BC-CF82-4E7B-B42F-C9D7CF295BA6}.Release|Any CPU.ActiveCfg = Release|Any CPU
		{E85E64BC-CF82-4E7B-B42F-C9D7CF295BA6}.Release|Any CPU.Build.0 = Release|Any CPU
		{E85E64BC-CF82-4E7B-B42F-C9D7CF295BA6}.Release|Any CPU.Deploy.0 = Release|Any CPU
		{E85E64BC-CF82-4E7B-B42F-C9D7CF295BA6}.Release|iPhone.ActiveCfg = Release|Any CPU
		{E85E64BC-CF82-4E7B-B42F-C9D7CF295BA6}.Release|iPhone.Build.0 = Release|Any CPU
		{E85E64BC-CF82-4E7B-B42F-C9D7CF295BA6}.Release|iPhone.Deploy.0 = Release|Any CPU
		{E85E64BC-CF82-4E7B-B42F-C9D7CF295BA6}.Release|iPhoneSimulator.ActiveCfg = Release|Any CPU
		{E85E64BC-CF82-4E7B-B42F-C9D7CF295BA6}.Release|iPhoneSimulator.Build.0 = Release|Any CPU
		{E85E64BC-CF82-4E7B-B42F-C9D7CF295BA6}.Release|iPhoneSimulator.Deploy.0 = Release|Any CPU
	EndGlobalSection
	GlobalSection(SolutionProperties) = preSolution
		HideSolutionNode = FALSE
	EndGlobalSection
	GlobalSection(ExtensibilityGlobals) = postSolution
		SolutionGuid = {BD1FFE4B-4366-4596-9796-41F56D75BD93}
	EndGlobalSection
EndGlobal
